// !$*UTF8*$!
{
	archiveVersion = 1;
	classes = {
	};
	objectVersion = 46;
	objects = {

/* Begin PBXBuildFile section */
		8FB6BEC01F0DDC8800D02C32 /* main.m in Sources */ = {isa = PBXBuildFile; fileRef = 8FB6BEBF1F0DDC8800D02C32 /* main.m */; };
		8FB6BEC31F0DDC8800D02C32 /* AppDelegate.m in Sources */ = {isa = PBXBuildFile; fileRef = 8FB6BEC21F0DDC8800D02C32 /* AppDelegate.m */; };
		8FB6BEC61F0DDC8800D02C32 /* ViewController.m in Sources */ = {isa = PBXBuildFile; fileRef = 8FB6BEC51F0DDC8800D02C32 /* ViewController.m */; };
		8FB6BEC91F0DDC8800D02C32 /* Main.storyboard in Resources */ = {isa = PBXBuildFile; fileRef = 8FB6BEC71F0DDC8800D02C32 /* Main.storyboard */; };
		8FB6BECB1F0DDC8800D02C32 /* Images.xcassets in Resources */ = {isa = PBXBuildFile; fileRef = 8FB6BECA1F0DDC8800D02C32 /* Images.xcassets */; };
		8FB6BECE1F0DDC8800D02C32 /* LaunchScreen.xib in Resources */ = {isa = PBXBuildFile; fileRef = 8FB6BECC1F0DDC8800D02C32 /* LaunchScreen.xib */; };
		8FB6BEDA1F0DDC8800D02C32 /* ccTests.m in Sources */ = {isa = PBXBuildFile; fileRef = 8FB6BED91F0DDC8800D02C32 /* ccTests.m */; };
/* End PBXBuildFile section */

/* Begin PBXContainerItemProxy section */
		8FB6BED41F0DDC8800D02C32 /* PBXContainerItemProxy */ = {
			isa = PBXContainerItemProxy;
			containerPortal = 8FB6BEB21F0DDC8800D02C32 /* Project object */;
			proxyType = 1;
			remoteGlobalIDString = 8FB6BEB91F0DDC8800D02C32;
			remoteInfo = cc;
		};
/* End PBXContainerItemProxy section */

/* Begin PBXFileReference section */
		8FB6BEBA1F0DDC8800D02C32 /* cc.app */ = {isa = PBXFileReference; explicitFileType = wrapper.application; includeInIndex = 0; path = cc.app; sourceTree = BUILT_PRODUCTS_DIR; };
		8FB6BEBE1F0DDC8800D02C32 /* Info.plist */ = {isa = PBXFileReference; lastKnownFileType = text.plist.xml; path = Info.plist; sourceTree = "<group>"; };
		8FB6BEBF1F0DDC8800D02C32 /* main.m */ = {isa = PBXFileReference; lastKnownFileType = sourcecode.c.objc; path = main.m; sourceTree = "<group>"; };
		8FB6BEC11F0DDC8800D02C32 /* AppDelegate.h */ = {isa = PBXFileReference; lastKnownFileType = sourcecode.c.h; path = AppDelegate.h; sourceTree = "<group>"; };
		8FB6BEC21F0DDC8800D02C32 /* AppDelegate.m */ = {isa = PBXFileReference; lastKnownFileType = sourcecode.c.objc; path = AppDelegate.m; sourceTree = "<group>"; };
		8FB6BEC41F0DDC8800D02C32 /* ViewController.h */ = {isa = PBXFileReference; lastKnownFileType = sourcecode.c.h; path = ViewController.h; sourceTree = "<group>"; };
		8FB6BEC51F0DDC8800D02C32 /* ViewController.m */ = {isa = PBXFileReference; lastKnownFileType = sourcecode.c.objc; path = ViewController.m; sourceTree = "<group>"; };
		8FB6BEC81F0DDC8800D02C32 /* Base */ = {isa = PBXFileReference; lastKnownFileType = file.storyboard; name = Base; path = Base.lproj/Main.storyboard; sourceTree = "<group>"; };
		8FB6BECA1F0DDC8800D02C32 /* Images.xcassets */ = {isa = PBXFileReference; lastKnownFileType = folder.assetcatalog; path = Images.xcassets; sourceTree = "<group>"; };
		8FB6BECD1F0DDC8800D02C32 /* Base */ = {isa = PBXFileReference; lastKnownFileType = file.xib; name = Base; path = Base.lproj/LaunchScreen.xib; sourceTree = "<group>"; };
		8FB6BED31F0DDC8800D02C32 /* ccTests.xctest */ = {isa = PBXFileReference; explicitFileType = wrapper.cfbundle; includeInIndex = 0; path = ccTests.xctest; sourceTree = BUILT_PRODUCTS_DIR; };
		8FB6BED81F0DDC8800D02C32 /* Info.plist */ = {isa = PBXFileReference; lastKnownFileType = text.plist.xml; path = Info.plist; sourceTree = "<group>"; };
		8FB6BED91F0DDC8800D02C32 /* ccTests.m */ = {isa = PBXFileReference; lastKnownFileType = sourcecode.c.objc; path = ccTests.m; sourceTree = "<group>"; };
/* End PBXFileReference section */

/* Begin PBXFrameworksBuildPhase section */
		8FB6BEB71F0DDC8800D02C32 /* Frameworks */ = {
			isa = PBXFrameworksBuildPhase;
			buildActionMask = 2147483647;
			files = (
			);
			runOnlyForDeploymentPostprocessing = 0;
		};
		8FB6BED01F0DDC8800D02C32 /* Frameworks */ = {
			isa = PBXFrameworksBuildPhase;
			buildActionMask = 2147483647;
			files = (
			);
			runOnlyForDeploymentPostprocessing = 0;
		};
/* End PBXFrameworksBuildPhase section */

/* Begin PBXGroup section */
		8FB6BEB11F0DDC8800D02C32 = {
			isa = PBXGroup;
			children = (
				8FB6BEBC1F0DDC8800D02C32 /* cc */,
				8FB6BED61F0DDC8800D02C32 /* ccTests */,
				8FB6BEBB1F0DDC8800D02C32 /* Products */,
			);
			sourceTree = "<group>";
		};
		8FB6BEBB1F0DDC8800D02C32 /* Products */ = {
			isa = PBXGroup;
			children = (
				8FB6BEBA1F0DDC8800D02C32 /* cc.app */,
				8FB6BED31F0DDC8800D02C32 /* ccTests.xctest */,
			);
			name = Products;
			sourceTree = "<group>";
		};
		8FB6BEBC1F0DDC8800D02C32 /* cc */ = {
			isa = PBXGroup;
			children = (
				8FB6BEC11F0DDC8800D02C32 /* AppDelegate.h */,
				8FB6BEC21F0DDC8800D02C32 /* AppDelegate.m */,
				8FB6BEC41F0DDC8800D02C32 /* ViewController.h */,
				8FB6BEC51F0DDC8800D02C32 /* ViewController.m */,
				8FB6BEC71F0DDC8800D02C32 /* Main.storyboard */,
				8FB6BECA1F0DDC8800D02C32 /* Images.xcassets */,
				8FB6BECC1F0DDC8800D02C32 /* LaunchScreen.xib */,
				8FB6BEBD1F0DDC8800D02C32 /* Supporting Files */,
			);
			path = cc;
			sourceTree = "<group>";
		};
		8FB6BEBD1F0DDC8800D02C32 /* Supporting Files */ = {
			isa = PBXGroup;
			children = (
				8FB6BEBE1F0DDC8800D02C32 /* Info.plist */,
				8FB6BEBF1F0DDC8800D02C32 /* main.m */,
			);
			name = "Supporting Files";
			sourceTree = "<group>";
		};
		8FB6BED61F0DDC8800D02C32 /* ccTests */ = {
			isa = PBXGroup;
			children = (
				8FB6BED91F0DDC8800D02C32 /* ccTests.m */,
				8FB6BED71F0DDC8800D02C32 /* Supporting Files */,
			);
			path = ccTests;
			sourceTree = "<group>";
		};
		8FB6BED71F0DDC8800D02C32 /* Supporting Files */ = {
			isa = PBXGroup;
			children = (
				8FB6BED81F0DDC8800D02C32 /* Info.plist */,
			);
			name = "Supporting Files";
			sourceTree = "<group>";
		};
/* End PBXGroup section */

/* Begin PBXNativeTarget section */
		8FB6BEB91F0DDC8800D02C32 /* cc */ = {
			isa = PBXNativeTarget;
			buildConfigurationList = 8FB6BEDD1F0DDC8800D02C32 /* Build configuration list for PBXNativeTarget "cc" */;
			buildPhases = (
				8FB6BEB61F0DDC8800D02C32 /* Sources */,
				8FB6BEB71F0DDC8800D02C32 /* Frameworks */,
				8FB6BEB81F0DDC8800D02C32 /* Resources */,
			);
			buildRules = (
			);
			dependencies = (
			);
			name = cc;
			productName = cc;
			productReference = 8FB6BEBA1F0DDC8800D02C32 /* cc.app */;
			productType = "com.apple.product-type.application";
		};
		8FB6BED21F0DDC8800D02C32 /* ccTests */ = {
			isa = PBXNativeTarget;
			buildConfigurationList = 8FB6BEE01F0DDC8800D02C32 /* Build configuration list for PBXNativeTarget "ccTests" */;
			buildPhases = (
				8FB6BECF1F0DDC8800D02C32 /* Sources */,
				8FB6BED01F0DDC8800D02C32 /* Frameworks */,
				8FB6BED11F0DDC8800D02C32 /* Resources */,
			);
			buildRules = (
			);
			dependencies = (
				8FB6BED51F0DDC8800D02C32 /* PBXTargetDependency */,
			);
			name = ccTests;
			productName = ccTests;
			productReference = 8FB6BED31F0DDC8800D02C32 /* ccTests.xctest */;
			productType = "com.apple.product-type.bundle.unit-test";
		};
/* End PBXNativeTarget section */

/* Begin PBXProject section */
		8FB6BEB21F0DDC8800D02C32 /* Project object */ = {
			isa = PBXProject;
			attributes = {
				LastUpgradeCheck = 0640;
				ORGANIZATIONNAME = bangju;
				TargetAttributes = {
					8FB6BEB91F0DDC8800D02C32 = {
						CreatedOnToolsVersion = 6.4;
					};
					8FB6BED21F0DDC8800D02C32 = {
						CreatedOnToolsVersion = 6.4;
						TestTargetID = 8FB6BEB91F0DDC8800D02C32;
					};
				};
			};
			buildConfigurationList = 8FB6BEB51F0DDC8800D02C32 /* Build configuration list for PBXProject "cc" */;
			compatibilityVersion = "Xcode 3.2";
			developmentRegion = English;
			hasScannedForEncodings = 0;
			knownRegions = (
				en,
				Base,
			);
			mainGroup = 8FB6BEB11F0DDC8800D02C32;
			productRefGroup = 8FB6BEBB1F0DDC8800D02C32 /* Products */;
			projectDirPath = "";
			projectRoot = "";
			targets = (
				8FB6BEB91F0DDC8800D02C32 /* cc */,
				8FB6BED21F0DDC8800D02C32 /* ccTests */,
			);
		};
/* End PBXProject section */

/* Begin PBXResourcesBuildPhase section */
		8FB6BEB81F0DDC8800D02C32 /* Resources */ = {
			isa = PBXResourcesBuildPhase;
			buildActionMask = 2147483647;
			files = (
				8FB6BEC91F0DDC8800D02C32 /* Main.storyboard in Resources */,
				8FB6BECE1F0DDC8800D02C32 /* LaunchScreen.xib in Resources */,
				8FB6BECB1F0DDC8800D02C32 /* Images.xcassets in Resources */,
			);
			runOnlyForDeploymentPostprocessing = 0;
		};
		8FB6BED11F0DDC8800D02C32 /* Resources */ = {
			isa = PBXResourcesBuildPhase;
			buildActionMask = 2147483647;
			files = (
			);
			runOnlyForDeploymentPostprocessing = 0;
		};
/* End PBXResourcesBuildPhase section */

/* Begin PBXSourcesBuildPhase section */
		8FB6BEB61F0DDC8800D02C32 /* Sources */ = {
			isa = PBXSourcesBuildPhase;
			buildActionMask = 2147483647;
			files = (
				8FB6BEC61F0DDC8800D02C32 /* ViewController.m in Sources */,
				8FB6BEC31F0DDC8800D02C32 /* AppDelegate.m in Sources */,
				8FB6BEC01F0DDC8800D02C32 /* main.m in Sources */,
			);
			runOnlyForDeploymentPostprocessing = 0;
		};
		8FB6BECF1F0DDC8800D02C32 /* Sources */ = {
			isa = PBXSourcesBuildPhase;
			buildActionMask = 2147483647;
			files = (
				8FB6BEDA1F0DDC8800D02C32 /* ccTests.m in Sources */,
			);
			runOnlyForDeploymentPostprocessing = 0;
		};
/* End PBXSourcesBuildPhase section */

/* Begin PBXTargetDependency section */
		8FB6BED51F0DDC8800D02C32 /* PBXTargetDependency */ = {
			isa = PBXTargetDependency;
			target = 8FB6BEB91F0DDC8800D02C32 /* cc */;
			targetProxy = 8FB6BED41F0DDC8800D02C32 /* PBXContainerItemProxy */;
		};
/* End PBXTargetDependency section */

/* Begin PBXVariantGroup section */
		8FB6BEC71F0DDC8800D02C32 /* Main.storyboard */ = {
			isa = PBXVariantGroup;
			children = (
				8FB6BEC81F0DDC8800D02C32 /* Base */,
			);
			name = Main.storyboard;
			sourceTree = "<group>";
		};
		8FB6BECC1F0DDC8800D02C32 /* LaunchScreen.xib */ = {
			isa = PBXVariantGroup;
			children = (
				8FB6BECD1F0DDC8800D02C32 /* Base */,
			);
			name = LaunchScreen.xib;
			sourceTree = "<group>";
		};
/* End PBXVariantGroup section */

/* Begin XCBuildConfiguration section */
		8FB6BEDB1F0DDC8800D02C32 /* Debug */ = {
			isa = XCBuildConfiguration;
			buildSettings = {
				ALWAYS_SEARCH_USER_PATHS = NO;
				CLANG_CXX_LANGUAGE_STANDARD = "gnu++0x";
				CLANG_CXX_LIBRARY = "libc++";
				CLANG_ENABLE_MODULES = YES;
				CLANG_ENABLE_OBJC_ARC = YES;
				CLANG_WARN_BOOL_CONVERSION = YES;
				CLANG_WARN_CONSTANT_CONVERSION = YES;
				CLANG_WARN_DIRECT_OBJC_ISA_USAGE = YES_ERROR;
				CLANG_WARN_EMPTY_BODY = YES;
				CLANG_WARN_ENUM_CONVERSION = YES;
				CLANG_WARN_INT_CONVERSION = YES;
				CLANG_WARN_OBJC_ROOT_CLASS = YES_ERROR;
				CLANG_WARN_UNREACHABLE_CODE = YES;
				CLANG_WARN__DUPLICATE_METHOD_MATCH = YES;
				"CODE_SIGN_IDENTITY[sdk=iphoneos*]" = "iPhone Developer";
				COPY_PHASE_STRIP = NO;
				DEBUG_INFORMATION_FORMAT = "dwarf-with-dsym";
				ENABLE_STRICT_OBJC_MSGSEND = YES;
				GCC_C_LANGUAGE_STANDARD = gnu99;
				GCC_DYNAMIC_NO_PIC = NO;
				GCC_NO_COMMON_BLOCKS = YES;
				GCC_OPTIMIZATION_LEVEL = 0;
				GCC_PREPROCESSOR_DEFINITIONS = (
					"DEBUG=1",
					"$(inherited)",
				);
				GCC_SYMBOLS_PRIVATE_EXTERN = NO;
				GCC_WARN_64_TO_32_BIT_CONVERSION = YES;
				GCC_WARN_ABOUT_RETURN_TYPE = YES_ERROR;
				GCC_WARN_UNDECLARED_SELECTOR = YES;
				GCC_WARN_UNINITIALIZED_AUTOS = YES_AGGRESSIVE;
				GCC_WARN_UNUSED_FUNCTION = YES;
				GCC_WARN_UNUSED_VARIABLE = YES;
				IPHONEOS_DEPLOYMENT_TARGET = 8.4;
				MTL_ENABLE_DEBUG_INFO = YES;
				ONLY_ACTIVE_ARCH = YES;
				SDKROOT = iphoneos;
			};
			name = Debug;
		};
		8FB6BEDC1F0DDC8800D02C32 /* Release */ = {
			isa = XCBuildConfiguration;
			buildSettings = {
				ALWAYS_SEARCH_USER_PATHS = NO;
				CLANG_CXX_LANGUAGE_STANDARD = "gnu++0x";
				CLANG_CXX_LIBRARY = "libc++";
				CLANG_ENABLE_MODULES = YES;
				CLANG_ENABLE_OBJC_ARC = YES;
				CLANG_WARN_BOOL_CONVERSION = YES;
				CLANG_WARN_CONSTANT_CONVERSION = YES;
				CLANG_WARN_DIRECT_OBJC_ISA_USAGE = YES_ERROR;
				CLANG_WARN_EMPTY_BODY = YES;
				CLANG_WARN_ENUM_CONVERSION = YES;
				CLANG_WARN_INT_CONVERSION = YES;
				CLANG_WARN_OBJC_ROOT_CLASS = YES_ERROR;
				CLANG_WARN_UNREACHABLE_CODE = YES;
				CLANG_WARN__DUPLICATE_METHOD_MATCH = YES;
				"CODE_SIGN_IDENTITY[sdk=iphoneos*]" = "iPhone Developer";
				COPY_PHASE_STRIP = NO;
				DEBUG_INFORMATION_FORMAT = "dwarf-with-dsym";
				ENABLE_NS_ASSERTIONS = NO;
				ENABLE_STRICT_OBJC_MSGSEND = YES;
				GCC_C_LANGUAGE_STANDARD = gnu99;
				GCC_NO_COMMON_BLOCKS = YES;
				GCC_WARN_64_TO_32_BIT_CONVERSION = YES;
				GCC_WARN_ABOUT_RETURN_TYPE = YES_ERROR;
				GCC_WARN_UNDECLARED_SELECTOR = YES;
				GCC_WARN_UNINITIALIZED_AUTOS = YES_AGGRESSIVE;
				GCC_WARN_UNUSED_FUNCTION = YES;
				GCC_WARN_UNUSED_VARIABLE = YES;
				IPHONEOS_DEPLOYMENT_TARGET = 8.4;
				MTL_ENABLE_DEBUG_INFO = NO;
				SDKROOT = iphoneos;
				VALIDATE_PRODUCT = YES;
			};
			name = Release;
		};
		8FB6BEDE1F0DDC8800D02C32 /* Debug */ = {
			isa = XCBuildConfiguration;
			buildSettings = {
				ASSETCATALOG_COMPILER_APPICON_NAME = AppIcon;
				INFOPLIST_FILE = cc/Info.plist;
				LD_RUNPATH_SEARCH_PATHS = "$(inherited) @executable_path/Frameworks";
				PRODUCT_NAME = "$(TARGET_NAME)";
			};
			name = Debug;
		};
		8FB6BEDF1F0DDC8800D02C32 /* Release */ = {
			isa = XCBuildConfiguration;
			buildSettings = {
				ASSETCATALOG_COMPILER_APPICON_NAME = AppIcon;
				INFOPLIST_FILE = cc/Info.plist;
				LD_RUNPATH_SEARCH_PATHS = "$(inherited) @executable_path/Frameworks";
				PRODUCT_NAME = "$(TARGET_NAME)";
			};
			name = Release;
		};
		8FB6BEE11F0DDC8800D02C32 /* Debug */ = {
			isa = XCBuildConfiguration;
			buildSettings = {
				BUNDLE_LOADER = "$(TEST_HOST)";
				FRAMEWORK_SEARCH_PATHS = (
					"$(SDKROOT)/Developer/Library/Frameworks",
					"$(inherited)",
				);
				GCC_PREPROCESSOR_DEFINITIONS = (
					"DEBUG=1",
					"$(inherited)",
				);
				INFOPLIST_FILE = ccTests/Info.plist;
				LD_RUNPATH_SEARCH_PATHS = "$(inherited) @executable_path/Frameworks @loader_path/Frameworks";
				PRODUCT_NAME = "$(TARGET_NAME)";
				TEST_HOST = "$(BUILT_PRODUCTS_DIR)/cc.app/cc";
			};
			name = Debug;
		};
		8FB6BEE21F0DDC8800D02C32 /* Release */ = {
			isa = XCBuildConfiguration;
			buildSettings = {
				BUNDLE_LOADER = "$(TEST_HOST)";
				FRAMEWORK_SEARCH_PATHS = (
					"$(SDKROOT)/Developer/Library/Frameworks",
					"$(inherited)",
				);
				INFOPLIST_FILE = ccTests/Info.plist;
				LD_RUNPATH_SEARCH_PATHS = "$(inherited) @executable_path/Frameworks @loader_path/Frameworks";
				PRODUCT_NAME = "$(TARGET_NAME)";
				TEST_HOST = "$(BUILT_PRODUCTS_DIR)/cc.app/cc";
			};
			name = Release;
		};
/* End XCBuildConfiguration section */

/* Begin XCConfigurationList section */
		8FB6BEB51F0DDC8800D02C32 /* Build configuration list for PBXProject "cc" */ = {
			isa = XCConfigurationList;
			buildConfigurations = (
				8FB6BEDB1F0DDC8800D02C32 /* Debug */,
				8FB6BEDC1F0DDC8800D02C32 /* Release */,
			);
			defaultConfigurationIsVisible = 0;
			defaultConfigurationName = Release;
		};
		8FB6BEDD1F0DDC8800D02C32 /* Build configuration list for PBXNativeTarget "cc" */ = {
			isa = XCConfigurationList;
			buildConfigurations = (
				8FB6BEDE1F0DDC8800D02C32 /* Debug */,
				8FB6BEDF1F0DDC8800D02C32 /* Release */,
			);
			defaultConfigurationIsVisible = 0;
		};
		8FB6BEE01F0DDC8800D02C32 /* Build configuration list for PBXNativeTarget "ccTests" */ = {
			isa = XCConfigurationList;
			buildConfigurations = (
				8FB6BEE11F0DDC8800D02C32 /* Debug */,
				8FB6BEE21F0DDC8800D02C32 /* Release */,
			);
			defaultConfigurationIsVisible = 0;
		};
/* End XCConfigurationList section */
	};
	rootObject = 8FB6BEB21F0DDC8800D02C32 /* Project object */;
}
